
Microsoft Visual Studio Solution File, Format Version 12.00
# Visual Studio Version 17
VisualStudioVersion = 17.8.34525.116
MinimumVisualStudioVersion = 10.0.40219.1
Project("{9A19103F-16F7-4668-BE54-9A1E7A4F7556}") = "OnlineShopWebApp", "OnlineShopWebApp\OnlineShopWebApp.csproj", "{57668516-93CF-4C23-9D5A-19EB9F6171E2}"
EndProject
Project("{9A19103F-16F7-4668-BE54-9A1E7A4F7556}") = "OnlineShop.Db", "OnlineShop.Db\OnlineShop.Db.csproj", "{24526E5F-45DD-486E-AF53-28B0FF637D22}"
EndProject
Project("{FAE04EC0-301F-11D3-BF4B-00C04F79EFBC}") = "OnlineShop.Tests", "OnlineShop.Tests\OnlineShop.Tests.csproj", "{925126A3-C564-4888-820F-30B62F126B73}"
EndProject
Global
	GlobalSection(SolutionConfigurationPlatforms) = preSolution
		Debug|Any CPU = Debug|Any CPU
		Release|Any CPU = Release|Any CPU
	EndGlobalSection
	GlobalSection(ProjectConfigurationPlatforms) = postSolution
		{57668516-93CF-4C23-9D5A-19EB9F6171E2}.Debug|Any CPU.ActiveCfg = Debug|Any CPU
		{57668516-93CF-4C23-9D5A-19EB9F6171E2}.Debug|Any CPU.Build.0 = Debug|Any CPU
		{57668516-93CF-4C23-9D5A-19EB9F6171E2}.Release|Any CPU.ActiveCfg = Release|Any CPU
		{57668516-93CF-4C23-9D5A-19EB9F6171E2}.Release|Any CPU.Build.0 = Release|Any CPU
		{24526E5F-45DD-486E-AF53-28B0FF637D22}.Debug|Any CPU.ActiveCfg = Debug|Any CPU
		{24526E5F-45DD-486E-AF53-28B0FF637D22}.Debug|Any CPU.Build.0 = Debug|Any CPU
		{24526E5F-45DD-486E-AF53-28B0FF637D22}.Release|Any CPU.ActiveCfg = Release|Any CPU
		{24526E5F-45DD-486E-AF53-28B0FF637D22}.Release|Any CPU.Build.0 = Release|Any CPU
		{925126A3-C564-4888-820F-30B62F126B73}.Debug|Any CPU.ActiveCfg = Debug|Any CPU
		{925126A3-C564-4888-820F-30B62F126B73}.Debug|Any CPU.Build.0 = Debug|Any CPU
		{925126A3-C564-4888-820F-30B62F126B73}.Release|Any CPU.ActiveCfg = Release|Any CPU
		{925126A3-C564-4888-820F-30B62F126B73}.Release|Any CPU.Build.0 = Release|Any CPU
	EndGlobalSection
	GlobalSection(SolutionProperties) = preSolution
		HideSolutionNode = FALSE
	EndGlobalSection
	GlobalSection(ExtensibilityGlobals) = postSolution
		SolutionGuid = {26D5A92E-7587-4FCF-9475-151107AC19F5}
	EndGlobalSection
EndGlobal
